Microsoft Visual Studio Solution File, Format Version 12.00
# Visual Studio Version 17
VisualStudioVersion = 17.5.2.0
MinimumVisualStudioVersion = 10.0.40219.1
Project("{FAE04EC0-301F-11D3-BF4B-00C04F79EFBC}") = "6_todo_app", "6_todo_app.csproj", "{DFC86FF3-3969-0B73-9A8E-0639AAAFF6B2}"
EndProject
Global
	GlobalSection(SolutionConfigurationPlatforms) = preSolution
		Debug|Any CPU = Debug|Any CPU
		Release|Any CPU = Release|Any CPU
	EndGlobalSection
	GlobalSection(ProjectConfigurationPlatforms) = postSolution
		{DFC86FF3-3969-0B73-9A8E-0639AAAFF6B2}.Debug|Any CPU.ActiveCfg = Debug|Any CPU
		{DFC86FF3-3969-0B73-9A8E-0639AAAFF6B2}.Debug|Any CPU.Build.0 = Debug|Any CPU
		{DFC86FF3-3969-0B73-9A8E-0639AAAFF6B2}.Release|Any CPU.ActiveCfg = Release|Any CPU
		{DFC86FF3-3969-0B73-9A8E-0639AAAFF6B2}.Release|Any CPU.Build.0 = Release|Any CPU
	EndGlobalSection
	GlobalSection(SolutionProperties) = preSolution
		HideSolutionNode = FALSE
	EndGlobalSection
	GlobalSection(ExtensibilityGlobals) = postSolution
		SolutionGuid = {E8D92FE8-93A4-45BA-A1E0-07E3C6387347}
	EndGlobalSection
EndGlobal
